{
    "version": 3,
    "terraform_version": "0.11.7",
    "serial": 238,
    "lineage": "37519308-ad0d-c422-0458-d4602ccd860a",
    "modules": [
        {
            "path": [
                "root"
            ],
            "outputs": {},
            "resources": {},
            "depends_on": []
        },
        {
            "path": [
                "root",
                "cloudfrontDeploy1"
            ],
            "outputs": {},
            "resources": {
                "aws_cloudfront_distribution.domain_front": {
                    "type": "aws_cloudfront_distribution",
                    "depends_on": [],
                    "primary": {
                        "id": "E5OF69YRO7T1M",
                        "attributes": {
                            "active_trusted_signers.%": "2",
                            "active_trusted_signers.enabled": "false",
                            "active_trusted_signers.items.#": "0",
                            "aliases.#": "0",
                            "arn": "arn:aws:cloudfront::685629546442:distribution/E5OF69YRO7T1M",
                            "cache_behavior.#": "0",
                            "caller_reference": "2018-07-07T13:29:13.515437-04:00",
                            "custom_error_response.#": "0",
                            "default_cache_behavior.#": "1",
                            "default_cache_behavior.560326550.allowed_methods.#": "7",
                            "default_cache_behavior.560326550.allowed_methods.0": "HEAD",
                            "default_cache_behavior.560326550.allowed_methods.1": "DELETE",
                            "default_cache_behavior.560326550.allowed_methods.2": "POST",
                            "default_cache_behavior.560326550.allowed_methods.3": "GET",
                            "default_cache_behavior.560326550.allowed_methods.4": "OPTIONS",
                            "default_cache_behavior.560326550.allowed_methods.5": "PUT",
                            "default_cache_behavior.560326550.allowed_methods.6": "PATCH",
                            "default_cache_behavior.560326550.cached_methods.#": "2",
                            "default_cache_behavior.560326550.cached_methods.0": "HEAD",
                            "default_cache_behavior.560326550.cached_methods.1": "GET",
                            "default_cache_behavior.560326550.compress": "false",
                            "default_cache_behavior.560326550.default_ttl": "0",
                            "default_cache_behavior.560326550.field_level_encryption_id": "",
                            "default_cache_behavior.560326550.forwarded_values.#": "1",
                            "default_cache_behavior.560326550.forwarded_values.702704598.cookies.#": "1",
                            "default_cache_behavior.560326550.forwarded_values.702704598.cookies.1870923232.forward": "all",
                            "default_cache_behavior.560326550.forwarded_values.702704598.cookies.1870923232.whitelisted_names.#": "0",
                            "default_cache_behavior.560326550.forwarded_values.702704598.headers.#": "1",
                            "default_cache_behavior.560326550.forwarded_values.702704598.headers.0": "*",
                            "default_cache_behavior.560326550.forwarded_values.702704598.query_string": "true",
                            "default_cache_behavior.560326550.forwarded_values.702704598.query_string_cache_keys.#": "0",
                            "default_cache_behavior.560326550.lambda_function_association.#": "0",
                            "default_cache_behavior.560326550.max_ttl": "0",
                            "default_cache_behavior.560326550.min_ttl": "0",
                            "default_cache_behavior.560326550.smooth_streaming": "false",
                            "default_cache_behavior.560326550.target_origin_id": "hidensneak-google.com",
                            "default_cache_behavior.560326550.trusted_signers.#": "0",
                            "default_cache_behavior.560326550.viewer_protocol_policy": "allow-all",
                            "default_root_object": "",
                            "domain_name": "djkq29h0qawcw.cloudfront.net",
                            "enabled": "false",
                            "etag": "E1342XDQ0SJ8ZA",
                            "hosted_zone_id": "Z2FDTNDATAQYW2",
                            "http_version": "http2",
                            "id": "E5OF69YRO7T1M",
                            "in_progress_validation_batches": "0",
                            "is_ipv6_enabled": "false",
                            "last_modified_time": "2018-07-07 17:36:30.516 +0000 UTC",
                            "logging_config.#": "0",
                            "origin.#": "1",
                            "origin.178239620.custom_header.#": "0",
                            "origin.178239620.custom_origin_config.#": "1",
                            "origin.178239620.custom_origin_config.3672092453.http_port": "14380",
                            "origin.178239620.custom_origin_config.3672092453.https_port": "443",
                            "origin.178239620.custom_origin_config.3672092453.origin_keepalive_timeout": "5",
                            "origin.178239620.custom_origin_config.3672092453.origin_protocol_policy": "match-viewer",
                            "origin.178239620.custom_origin_config.3672092453.origin_read_timeout": "30",
                            "origin.178239620.custom_origin_config.3672092453.origin_ssl_protocols.#": "3",
                            "origin.178239620.custom_origin_config.3672092453.origin_ssl_protocols.0": "TLSv1",
                            "origin.178239620.custom_origin_config.3672092453.origin_ssl_protocols.1": "TLSv1.1",
                            "origin.178239620.custom_origin_config.3672092453.origin_ssl_protocols.2": "TLSv1.2",
                            "origin.178239620.domain_name": "google.com",
                            "origin.178239620.origin_id": "hidensneak-google.com",
                            "origin.178239620.origin_path": "",
                            "origin.178239620.s3_origin_config.#": "0",
                            "price_class": "PriceClass_All",
                            "restrictions.#": "1",
                            "restrictions.1097372288.geo_restriction.#": "1",
                            "restrictions.1097372288.geo_restriction.2625240281.locations.#": "0",
                            "restrictions.1097372288.geo_restriction.2625240281.restriction_type": "none",
                            "retain_on_delete": "false",
                            "status": "InProgress",
                            "tags.%": "0",
                            "viewer_certificate.#": "1",
                            "viewer_certificate.69840937.acm_certificate_arn": "",
                            "viewer_certificate.69840937.cloudfront_default_certificate": "true",
                            "viewer_certificate.69840937.iam_certificate_id": "",
                            "viewer_certificate.69840937.minimum_protocol_version": "TLSv1",
                            "viewer_certificate.69840937.ssl_support_method": "",
                            "web_acl_id": ""
                        },
                        "meta": {},
                        "tainted": false
                    },
                    "deposed": [],
                    "provider": "module.cloudfrontDeploy1.provider.aws"
                }
            },
            "depends_on": []
        }
    ]
}
